
Microsoft Visual Studio Solution File, Format Version 12.00
# Visual Studio Version 16
VisualStudioVersion = 16.0.31613.86
MinimumVisualStudioVersion = 10.0.40219.1
Project("{FAE04EC0-301F-11D3-BF4B-00C04F79EFBC}") = "PasswordMaker", "PasswordMaker\PasswordMaker.csproj", "{BB83E99F-CC57-42F3-81F5-8C6F39839681}"
EndProject
Global
	GlobalSection(SolutionConfigurationPlatforms) = preSolution
		Debug|Any CPU = Debug|Any CPU
		Release|Any CPU = Release|Any CPU
	EndGlobalSection
	GlobalSection(ProjectConfigurationPlatforms) = postSolution
		{BB83E99F-CC57-42F3-81F5-8C6F39839681}.Debug|Any CPU.ActiveCfg = Debug|Any CPU
		{BB83E99F-CC57-42F3-81F5-8C6F39839681}.Debug|Any CPU.Build.0 = Debug|Any CPU
		{BB83E99F-CC57-42F3-81F5-8C6F39839681}.Release|Any CPU.ActiveCfg = Release|Any CPU
		{BB83E99F-CC57-42F3-81F5-8C6F39839681}.Release|Any CPU.Build.0 = Release|Any CPU
	EndGlobalSection
	GlobalSection(SolutionProperties) = preSolution
		HideSolutionNode = FALSE
	EndGlobalSection
	GlobalSection(ExtensibilityGlobals) = postSolution
		SolutionGuid = {9156B309-4509-485B-8672-60A77B168370}
	EndGlobalSection
EndGlobal
